// !$*UTF8*$!
{
	archiveVersion = 1;
	classes = {
	};
	objectVersion = 46;
	objects = {

/* Begin PBXBuildFile section */
		D5F32EB41E41289F004F0884 /* AppDelegate.swift in Sources */ = {isa = PBXBuildFile; fileRef = D5F32EB31E41289F004F0884 /* AppDelegate.swift */; };
		D5F32EB61E41289F004F0884 /* ViewController.swift in Sources */ = {isa = PBXBuildFile; fileRef = D5F32EB51E41289F004F0884 /* ViewController.swift */; };
		D5F32EB91E41289F004F0884 /* Main.storyboard in Resources */ = {isa = PBXBuildFile; fileRef = D5F32EB71E41289F004F0884 /* Main.storyboard */; };
		D5F32EBB1E41289F004F0884 /* Assets.xcassets in Resources */ = {isa = PBXBuildFile; fileRef = D5F32EBA1E41289F004F0884 /* Assets.xcassets */; };
		D5F32EBE1E41289F004F0884 /* LaunchScreen.storyboard in Resources */ = {isa = PBXBuildFile; fileRef = D5F32EBC1E41289F004F0884 /* LaunchScreen.storyboard */; };
		D5F32EC91E41289F004F0884 /* NotifyTests.swift in Sources */ = {isa = PBXBuildFile; fileRef = D5F32EC81E41289F004F0884 /* NotifyTests.swift */; };
/* End PBXBuildFile section */

/* Begin PBXContainerItemProxy section */
		D5F32EC51E41289F004F0884 /* PBXContainerItemProxy */ = {
			isa = PBXContainerItemProxy;
			containerPortal = D5F32EA81E41289F004F0884 /* Project object */;
			proxyType = 1;
			remoteGlobalIDString = D5F32EAF1E41289F004F0884;
			remoteInfo = Notify;
		};
/* End PBXContainerItemProxy section */

/* Begin PBXFileReference section */
		D5F32EB01E41289F004F0884 /* Notify.app */ = {isa = PBXFileReference; explicitFileType = wrapper.application; includeInIndex = 0; path = Notify.app; sourceTree = BUILT_PRODUCTS_DIR; };
		D5F32EB31E41289F004F0884 /* AppDelegate.swift */ = {isa = PBXFileReference; lastKnownFileType = sourcecode.swift; path = AppDelegate.swift; sourceTree = "<group>"; };
		D5F32EB51E41289F004F0884 /* ViewController.swift */ = {isa = PBXFileReference; lastKnownFileType = sourcecode.swift; path = ViewController.swift; sourceTree = "<group>"; };
		D5F32EB81E41289F004F0884 /* Base */ = {isa = PBXFileReference; lastKnownFileType = file.storyboard; name = Base; path = Base.lproj/Main.storyboard; sourceTree = "<group>"; };
		D5F32EBA1E41289F004F0884 /* Assets.xcassets */ = {isa = PBXFileReference; lastKnownFileType = folder.assetcatalog; path = Assets.xcassets; sourceTree = "<group>"; };
		D5F32EBD1E41289F004F0884 /* Base */ = {isa = PBXFileReference; lastKnownFileType = file.storyboard; name = Base; path = Base.lproj/LaunchScreen.storyboard; sourceTree = "<group>"; };
		D5F32EBF1E41289F004F0884 /* Info.plist */ = {isa = PBXFileReference; lastKnownFileType = text.plist.xml; path = Info.plist; sourceTree = "<group>"; };
		D5F32EC41E41289F004F0884 /* NotifyTests.xctest */ = {isa = PBXFileReference; explicitFileType = wrapper.cfbundle; includeInIndex = 0; path = NotifyTests.xctest; sourceTree = BUILT_PRODUCTS_DIR; };
		D5F32EC81E41289F004F0884 /* NotifyTests.swift */ = {isa = PBXFileReference; lastKnownFileType = sourcecode.swift; path = NotifyTests.swift; sourceTree = "<group>"; };
		D5F32ECA1E41289F004F0884 /* Info.plist */ = {isa = PBXFileReference; lastKnownFileType = text.plist.xml; path = Info.plist; sourceTree = "<group>"; };
/* End PBXFileReference section */

/* Begin PBXFrameworksBuildPhase section */
		D5F32EAD1E41289F004F0884 /* Frameworks */ = {
			isa = PBXFrameworksBuildPhase;
			buildActionMask = 2147483647;
			files = (
			);
			runOnlyForDeploymentPostprocessing = 0;
		};
		D5F32EC11E41289F004F0884 /* Frameworks */ = {
			isa = PBXFrameworksBuildPhase;
			buildActionMask = 2147483647;
			files = (
			);
			runOnlyForDeploymentPostprocessing = 0;
		};
/* End PBXFrameworksBuildPhase section */

/* Begin PBXGroup section */
		D5F32EA71E41289F004F0884 = {
			isa = PBXGroup;
			children = (
				D5F32EB21E41289F004F0884 /* Notify */,
				D5F32EC71E41289F004F0884 /* NotifyTests */,
				D5F32EB11E41289F004F0884 /* Products */,
			);
			sourceTree = "<group>";
		};
		D5F32EB11E41289F004F0884 /* Products */ = {
			isa = PBXGroup;
			children = (
				D5F32EB01E41289F004F0884 /* Notify.app */,
				D5F32EC41E41289F004F0884 /* NotifyTests.xctest */,
			);
			name = Products;
			sourceTree = "<group>";
		};
		D5F32EB21E41289F004F0884 /* Notify */ = {
			isa = PBXGroup;
			children = (
				D5F32ED51E412928004F0884 /* Model */,
				D5F32ED41E412921004F0884 /* View */,
				D5F32ED31E412919004F0884 /* Controller */,
				D5F32ED61E412931004F0884 /* Resources */,
			);
			path = Notify;
			sourceTree = "<group>";
		};
		D5F32EC71E41289F004F0884 /* NotifyTests */ = {
			isa = PBXGroup;
			children = (
				D5F32EC81E41289F004F0884 /* NotifyTests.swift */,
				D5F32ECA1E41289F004F0884 /* Info.plist */,
			);
			path = NotifyTests;
			sourceTree = "<group>";
		};
		D5F32ED31E412919004F0884 /* Controller */ = {
			isa = PBXGroup;
			children = (
				D5F32EB51E41289F004F0884 /* ViewController.swift */,
			);
			name = Controller;
			sourceTree = "<group>";
		};
		D5F32ED41E412921004F0884 /* View */ = {
			isa = PBXGroup;
			children = (
				D5F32EB71E41289F004F0884 /* Main.storyboard */,
				D5F32EBC1E41289F004F0884 /* LaunchScreen.storyboard */,
			);
			name = View;
			sourceTree = "<group>";
		};
		D5F32ED51E412928004F0884 /* Model */ = {
			isa = PBXGroup;
			children = (
			);
			name = Model;
			sourceTree = "<group>";
		};
		D5F32ED61E412931004F0884 /* Resources */ = {
			isa = PBXGroup;
			children = (
				D5F32EBA1E41289F004F0884 /* Assets.xcassets */,
				D5F32EB31E41289F004F0884 /* AppDelegate.swift */,
				D5F32EBF1E41289F004F0884 /* Info.plist */,
			);
			name = Resources;
			sourceTree = "<group>";
		};
/* End PBXGroup section */

/* Begin PBXNativeTarget section */
		D5F32EAF1E41289F004F0884 /* Notify */ = {
			isa = PBXNativeTarget;
			buildConfigurationList = D5F32ECD1E41289F004F0884 /* Build configuration list for PBXNativeTarget "Notify" */;
			buildPhases = (
				D5F32EAC1E41289F004F0884 /* Sources */,
				D5F32EAD1E41289F004F0884 /* Frameworks */,
				D5F32EAE1E41289F004F0884 /* Resources */,
			);
			buildRules = (
			);
			dependencies = (
			);
			name = Notify;
			productName = Notify;
			productReference = D5F32EB01E41289F004F0884 /* Notify.app */;
			productType = "com.apple.product-type.application";
		};
		D5F32EC31E41289F004F0884 /* NotifyTests */ = {
			isa = PBXNativeTarget;
			buildConfigurationList = D5F32ED01E41289F004F0884 /* Build configuration list for PBXNativeTarget "NotifyTests" */;
			buildPhases = (
				D5F32EC01E41289F004F0884 /* Sources */,
				D5F32EC11E41289F004F0884 /* Frameworks */,
				D5F32EC21E41289F004F0884 /* Resources */,
			);
			buildRules = (
			);
			dependencies = (
				D5F32EC61E41289F004F0884 /* PBXTargetDependency */,
			);
			name = NotifyTests;
			productName = NotifyTests;
			productReference = D5F32EC41E41289F004F0884 /* NotifyTests.xctest */;
			productType = "com.apple.product-type.bundle.unit-test";
		};
/* End PBXNativeTarget section */

/* Begin PBXProject section */
		D5F32EA81E41289F004F0884 /* Project object */ = {
			isa = PBXProject;
			attributes = {
				LastSwiftUpdateCheck = 0820;
				LastUpgradeCheck = 0820;
				ORGANIZATIONNAME = Italyte;
				TargetAttributes = {
					D5F32EAF1E41289F004F0884 = {
						CreatedOnToolsVersion = 8.2.1;
						DevelopmentTeam = 3983Y6QL49;
						ProvisioningStyle = Automatic;
					};
					D5F32EC31E41289F004F0884 = {
						CreatedOnToolsVersion = 8.2.1;
						DevelopmentTeam = 3983Y6QL49;
						ProvisioningStyle = Automatic;
						TestTargetID = D5F32EAF1E41289F004F0884;
					};
				};
			};
			buildConfigurationList = D5F32EAB1E41289F004F0884 /* Build configuration list for PBXProject "Notify" */;
			compatibilityVersion = "Xcode 3.2";
			developmentRegion = English;
			hasScannedForEncodings = 0;
			knownRegions = (
				en,
				Base,
			);
			mainGroup = D5F32EA71E41289F004F0884;
			productRefGroup = D5F32EB11E41289F004F0884 /* Products */;
			projectDirPath = "";
			projectRoot = "";
			targets = (
				D5F32EAF1E41289F004F0884 /* Notify */,
				D5F32EC31E41289F004F0884 /* NotifyTests */,
			);
		};
/* End PBXProject section */

/* Begin PBXResourcesBuildPhase section */
		D5F32EAE1E41289F004F0884 /* Resources */ = {
			isa = PBXResourcesBuildPhase;
			buildActionMask = 2147483647;
			files = (
				D5F32EBE1E41289F004F0884 /* LaunchScreen.storyboard in Resources */,
				D5F32EBB1E41289F004F0884 /* Assets.xcassets in Resources */,
				D5F32EB91E41289F004F0884 /* Main.storyboard in Resources */,
			);
			runOnlyForDeploymentPostprocessing = 0;
		};
		D5F32EC21E41289F004F0884 /* Resources */ = {
			isa = PBXResourcesBuildPhase;
			buildActionMask = 2147483647;
			files = (
			);
			runOnlyForDeploymentPostprocessing = 0;
		};
/* End PBXResourcesBuildPhase section */

/* Begin PBXSourcesBuildPhase section */
		D5F32EAC1E41289F004F0884 /* Sources */ = {
			isa = PBXSourcesBuildPhase;
			buildActionMask = 2147483647;
			files = (
				D5F32EB61E41289F004F0884 /* ViewController.swift in Sources */,
				D5F32EB41E41289F004F0884 /* AppDelegate.swift in Sources */,
			);
			runOnlyForDeploymentPostprocessing = 0;
		};
		D5F32EC01E41289F004F0884 /* Sources */ = {
			isa = PBXSourcesBuildPhase;
			buildActionMask = 2147483647;
			files = (
				D5F32EC91E41289F004F0884 /* NotifyTests.swift in Sources */,
			);
			runOnlyForDeploymentPostprocessing = 0;
		};
/* End PBXSourcesBuildPhase section */

/* Begin PBXTargetDependency section */
		D5F32EC61E41289F004F0884 /* PBXTargetDependency */ = {
			isa = PBXTargetDependency;
			target = D5F32EAF1E41289F004F0884 /* Notify */;
			targetProxy = D5F32EC51E41289F004F0884 /* PBXContainerItemProxy */;
		};
/* End PBXTargetDependency section */

/* Begin PBXVariantGroup section */
		D5F32EB71E41289F004F0884 /* Main.storyboard */ = {
			isa = PBXVariantGroup;
			children = (
				D5F32EB81E41289F004F0884 /* Base */,
			);
			name = Main.storyboard;
			sourceTree = "<group>";
		};
		D5F32EBC1E41289F004F0884 /* LaunchScreen.storyboard */ = {
			isa = PBXVariantGroup;
			children = (
				D5F32EBD1E41289F004F0884 /* Base */,
			);
			name = LaunchScreen.storyboard;
			sourceTree = "<group>";
		};
/* End PBXVariantGroup section */

/* Begin XCBuildConfiguration section */
		D5F32ECB1E41289F004F0884 /* Debug */ = {
			isa = XCBuildConfiguration;
			buildSettings = {
				ALWAYS_SEARCH_USER_PATHS = NO;
				CLANG_ANALYZER_NONNULL = YES;
				CLANG_CXX_LANGUAGE_STANDARD = "gnu++0x";
				CLANG_CXX_LIBRARY = "libc++";
				CLANG_ENABLE_MODULES = YES;
				CLANG_ENABLE_OBJC_ARC = YES;
				CLANG_WARN_BOOL_CONVERSION = YES;
				CLANG_WARN_CONSTANT_CONVERSION = YES;
				CLANG_WARN_DIRECT_OBJC_ISA_USAGE = YES_ERROR;
				CLANG_WARN_DOCUMENTATION_COMMENTS = YES;
				CLANG_WARN_EMPTY_BODY = YES;
				CLANG_WARN_ENUM_CONVERSION = YES;
				CLANG_WARN_INFINITE_RECURSION = YES;
				CLANG_WARN_INT_CONVERSION = YES;
				CLANG_WARN_OBJC_ROOT_CLASS = YES_ERROR;
				CLANG_WARN_SUSPICIOUS_MOVE = YES;
				CLANG_WARN_UNREACHABLE_CODE = YES;
				CLANG_WARN__DUPLICATE_METHOD_MATCH = YES;
				"CODE_SIGN_IDENTITY[sdk=iphoneos*]" = "iPhone Developer";
				COPY_PHASE_STRIP = NO;
				DEBUG_INFORMATION_FORMAT = dwarf;
				ENABLE_STRICT_OBJC_MSGSEND = YES;
				ENABLE_TESTABILITY = YES;
				GCC_C_LANGUAGE_STANDARD = gnu99;
				GCC_DYNAMIC_NO_PIC = NO;
				GCC_NO_COMMON_BLOCKS = YES;
				GCC_OPTIMIZATION_LEVEL = 0;
				GCC_PREPROCESSOR_DEFINITIONS = (
					"DEBUG=1",
					"$(inherited)",
				);
				GCC_WARN_64_TO_32_BIT_CONVERSION = YES;
				GCC_WARN_ABOUT_RETURN_TYPE = YES_ERROR;
				GCC_WARN_UNDECLARED_SELECTOR = YES;
				GCC_WARN_UNINITIALIZED_AUTOS = YES_AGGRESSIVE;
				GCC_WARN_UNUSED_FUNCTION = YES;
				GCC_WARN_UNUSED_VARIABLE = YES;
				IPHONEOS_DEPLOYMENT_TARGET = 10.2;
				MTL_ENABLE_DEBUG_INFO = YES;
				ONLY_ACTIVE_ARCH = YES;
				SDKROOT = iphoneos;
				SWIFT_ACTIVE_COMPILATION_CONDITIONS = DEBUG;
				SWIFT_OPTIMIZATION_LEVEL = "-Onone";
				TARGETED_DEVICE_FAMILY = "1,2";
			};
			name = Debug;
		};
		D5F32ECC1E41289F004F0884 /* Release */ = {
			isa = XCBuildConfiguration;
			buildSettings = {
				ALWAYS_SEARCH_USER_PATHS = NO;
				CLANG_ANALYZER_NONNULL = YES;
				CLANG_CXX_LANGUAGE_STANDARD = "gnu++0x";
				CLANG_CXX_LIBRARY = "libc++";
				CLANG_ENABLE_MODULES = YES;
				CLANG_ENABLE_OBJC_ARC = YES;
				CLANG_WARN_BOOL_CONVERSION = YES;
				CLANG_WARN_CONSTANT_CONVERSION = YES;
				CLANG_WARN_DIRECT_OBJC_ISA_USAGE = YES_ERROR;
				CLANG_WARN_DOCUMENTATION_COMMENTS = YES;
				CLANG_WARN_EMPTY_BODY = YES;
				CLANG_WARN_ENUM_CONVERSION = YES;
				CLANG_WARN_INFINITE_RECURSION = YES;
				CLANG_WARN_INT_CONVERSION = YES;
				CLANG_WARN_OBJC_ROOT_CLASS = YES_ERROR;
				CLANG_WARN_SUSPICIOUS_MOVE = YES;
				CLANG_WARN_UNREACHABLE_CODE = YES;
				CLANG_WARN__DUPLICATE_METHOD_MATCH = YES;
				"CODE_SIGN_IDENTITY[sdk=iphoneos*]" = "iPhone Developer";
				COPY_PHASE_STRIP = NO;
				DEBUG_INFORMATION_FORMAT = "dwarf-with-dsym";
				ENABLE_NS_ASSERTIONS = NO;
				ENABLE_STRICT_OBJC_MSGSEND = YES;
				GCC_C_LANGUAGE_STANDARD = gnu99;
				GCC_NO_COMMON_BLOCKS = YES;
				GCC_WARN_64_TO_32_BIT_CONVERSION = YES;
				GCC_WARN_ABOUT_RETURN_TYPE = YES_ERROR;
				GCC_WARN_UNDECLARED_SELECTOR = YES;
				GCC_WARN_UNINITIALIZED_AUTOS = YES_AGGRESSIVE;
				GCC_WARN_UNUSED_FUNCTION = YES;
				GCC_WARN_UNUSED_VARIABLE = YES;
				IPHONEOS_DEPLOYMENT_TARGET = 10.2;
				MTL_ENABLE_DEBUG_INFO = NO;
				SDKROOT = iphoneos;
				SWIFT_OPTIMIZATION_LEVEL = "-Owholemodule";
				TARGETED_DEVICE_FAMILY = "1,2";
				VALIDATE_PRODUCT = YES;
			};
			name = Release;
		};
		D5F32ECE1E41289F004F0884 /* Debug */ = {
			isa = XCBuildConfiguration;
			buildSettings = {
				ASSETCATALOG_COMPILER_APPICON_NAME = AppIcon;
				DEVELOPMENT_TEAM = 3983Y6QL49;
				INFOPLIST_FILE = Notify/Info.plist;
				LD_RUNPATH_SEARCH_PATHS = "$(inherited) @executable_path/Frameworks";
				PRODUCT_BUNDLE_IDENTIFIER = com.Italyte.Notify;
				PRODUCT_NAME = "$(TARGET_NAME)";
				SWIFT_VERSION = 3.0;
			};
			name = Debug;
		};
		D5F32ECF1E41289F004F0884 /* Release */ = {
			isa = XCBuildConfiguration;
			buildSettings = {
				ASSETCATALOG_COMPILER_APPICON_NAME = AppIcon;
				DEVELOPMENT_TEAM = 3983Y6QL49;
				INFOPLIST_FILE = Notify/Info.plist;
				LD_RUNPATH_SEARCH_PATHS = "$(inherited) @executable_path/Frameworks";
				PRODUCT_BUNDLE_IDENTIFIER = com.Italyte.Notify;
				PRODUCT_NAME = "$(TARGET_NAME)";
				SWIFT_VERSION = 3.0;
			};
			name = Release;
		};
		D5F32ED11E41289F004F0884 /* Debug */ = {
			isa = XCBuildConfiguration;
			buildSettings = {
				ALWAYS_EMBED_SWIFT_STANDARD_LIBRARIES = YES;
				BUNDLE_LOADER = "$(TEST_HOST)";
				DEVELOPMENT_TEAM = 3983Y6QL49;
				INFOPLIST_FILE = NotifyTests/Info.plist;
				LD_RUNPATH_SEARCH_PATHS = "$(inherited) @executable_path/Frameworks @loader_path/Frameworks";
				PRODUCT_BUNDLE_IDENTIFIER = com.Italyte.NotifyTests;
				PRODUCT_NAME = "$(TARGET_NAME)";
				SWIFT_VERSION = 3.0;
				TEST_HOST = "$(BUILT_PRODUCTS_DIR)/Notify.app/Notify";
			};
			name = Debug;
		};
		D5F32ED21E41289F004F0884 /* Release */ = {
			isa = XCBuildConfiguration;
			buildSettings = {
				ALWAYS_EMBED_SWIFT_STANDARD_LIBRARIES = YES;
				BUNDLE_LOADER = "$(TEST_HOST)";
				DEVELOPMENT_TEAM = 3983Y6QL49;
				INFOPLIST_FILE = NotifyTests/Info.plist;
				LD_RUNPATH_SEARCH_PATHS = "$(inherited) @executable_path/Frameworks @loader_path/Frameworks";
				PRODUCT_BUNDLE_IDENTIFIER = com.Italyte.NotifyTests;
				PRODUCT_NAME = "$(TARGET_NAME)";
				SWIFT_VERSION = 3.0;
				TEST_HOST = "$(BUILT_PRODUCTS_DIR)/Notify.app/Notify";
			};
			name = Release;
		};
/* End XCBuildConfiguration section */

/* Begin XCConfigurationList section */
		D5F32EAB1E41289F004F0884 /* Build configuration list for PBXProject "Notify" */ = {
			isa = XCConfigurationList;
			buildConfigurations = (
				D5F32ECB1E41289F004F0884 /* Debug */,
				D5F32ECC1E41289F004F0884 /* Release */,
			);
			defaultConfigurationIsVisible = 0;
			defaultConfigurationName = Release;
		};
		D5F32ECD1E41289F004F0884 /* Build configuration list for PBXNativeTarget "Notify" */ = {
			isa = XCConfigurationList;
			buildConfigurations = (
				D5F32ECE1E41289F004F0884 /* Debug */,
				D5F32ECF1E41289F004F0884 /* Release */,
			);
			defaultConfigurationIsVisible = 0;
		};
		D5F32ED01E41289F004F0884 /* Build configuration list for PBXNativeTarget "NotifyTests" */ = {
			isa = XCConfigurationList;
			buildConfigurations = (
				D5F32ED11E41289F004F0884 /* Debug */,
				D5F32ED21E41289F004F0884 /* Release */,
			);
			defaultConfigurationIsVisible = 0;
		};
/* End XCConfigurationList section */
	};
	rootObject = D5F32EA81E41289F004F0884 /* Project object */;
}
